{
  "nodes": {
    "skill-desloppify": {
      "flake": false,
      "locked": {
        "lastModified": 1772659711,
        "narHash": "sha256-agCFj3mixkGW+z4hADplScO+KL24jgL/3oNmKcYnGbI=",
        "owner": "peteromallet",
        "repo": "desloppify",
        "rev": "6eb2065fd4b991b88988a0905f6da29ff4216bd8",
        "type": "github"
      },
      "original": {
        "owner": "peteromallet",
        "repo": "desloppify",
        "type": "github"
      }
    },
    "nixpkgs": {
      "locked": {
        "lastModified": 1771848320,
        "narHash": "sha256-0MAd+0mun3K/Ns8JATeHT1sX28faLII5hVLq0L3BdZU=",
        "owner": "NixOS",
        "repo": "nixpkgs",
        "rev": "2fc6539b481e1d2569f25f8799236694180c0993",
        "type": "github"
      },
      "original": {
        "owner": "NixOS",
        "ref": "nixos-unstable",
        "repo": "nixpkgs",
        "type": "github"
      }
    },
    "playwright-cli": {
      "flake": false,
      "locked": {
        "lastModified": 1772067144,
        "narHash": "sha256-XjYib26oVoTEmjD5wHMlauEdtXkaC60OBitb1mj/Xnk=",
        "owner": "microsoft",
        "repo": "playwright-cli",
        "rev": "fa6f6bcca9c3eeb4ac71051f83ebd623ac51d765",
        "type": "github"
      },
      "original": {
        "owner": "microsoft",
        "repo": "playwright-cli",
        "type": "github"
      }
    },
    "root": {
      "inputs": {
        "skill-desloppify": "skill-desloppify",
        "nixpkgs": "nixpkgs",
        "playwright-cli": "playwright-cli",
        "skill-design-taste-frontend": "skill-design-taste-frontend",
        "skill-humanizer": "skill-humanizer",
        "skill-visual-explainer": "skill-visual-explainer",
        "skillset-openai": "skillset-openai"
      }
    },
    "skill-design-taste-frontend": {
      "flake": false,
      "locked": {
        "lastModified": 1771865865,
        "narHash": "sha256-NAzV6uDNywHsONb4b6QR1rVzIT2ailuIw0KNe2rwCDo=",
        "owner": "Leonxlnx",
        "repo": "taste-skill",
        "rev": "4bcdd2eb6e6a24c32867d8ff9bf98bf5f0cf42d5",
        "type": "github"
      },
      "original": {
        "owner": "Leonxlnx",
        "repo": "taste-skill",
        "type": "github"
      }
    },
    "skill-humanizer": {
      "flake": false,
      "locked": {
        "lastModified": 1771649890,
        "narHash": "sha256-kvYNWZKebKcvNAoqwgsnFFQqpTUpZEYFcEuleH6IAuc=",
        "owner": "blader",
        "repo": "humanizer",
        "rev": "d8085c7da5ddb9a179572837d4806b68cde3e9ff",
        "type": "github"
      },
      "original": {
        "owner": "blader",
        "repo": "humanizer",
        "type": "github"
      }
    },
    "skill-visual-explainer": {
      "flake": false,
      "locked": {
        "lastModified": 1772166785,
        "narHash": "sha256-nXklsBzud8mH0RQg6+dk/yP9zT4zYtzXHcut5EXiPG8=",
        "owner": "nicobailon",
        "repo": "visual-explainer",
        "rev": "a5cf7c11312546cf8098c8dc66eb75b4f330f522",
        "type": "github"
      },
      "original": {
        "owner": "nicobailon",
        "repo": "visual-explainer",
        "type": "github"
      }
    },
    "skillset-openai": {
      "flake": false,
      "locked": {
        "lastModified": 1771646863,
        "narHash": "sha256-E3U4ZGJh0CsEZbPj9r0g8KhFOepu3fSPjUroLhCVwns=",
        "owner": "openai",
        "repo": "skills",
        "rev": "2c9ebb321958f64aa9414b46e4240901e2b9e1a9",
        "type": "github"
      },
      "original": {
        "owner": "openai",
        "repo": "skills",
        "type": "github"
      }
    }
  },
  "root": "root",
  "version": 7
}
